// !$*UTF8*$!
{
	archiveVersion = 1;
	classes = {
	};
	objectVersion = 56;
	objects = {

/* Begin PBXBuildFile section */
		2333A81B294C2ECE00F4BE4E /* AppDelegate.swift in Sources */ = {isa = PBXBuildFile; fileRef = 2333A81A294C2ECE00F4BE4E /* AppDelegate.swift */; };
		2333A81D294C2ECE00F4BE4E /* SceneDelegate.swift in Sources */ = {isa = PBXBuildFile; fileRef = 2333A81C294C2ECE00F4BE4E /* SceneDelegate.swift */; };
		2333A81F294C2ECE00F4BE4E /* ViewController.swift in Sources */ = {isa = PBXBuildFile; fileRef = 2333A81E294C2ECE00F4BE4E /* ViewController.swift */; };
		2333A824294C2ECF00F4BE4E /* Assets.xcassets in Resources */ = {isa = PBXBuildFile; fileRef = 2333A823294C2ECF00F4BE4E /* Assets.xcassets */; };
		2333A827294C2ECF00F4BE4E /* LaunchScreen.storyboard in Resources */ = {isa = PBXBuildFile; fileRef = 2333A825294C2ECF00F4BE4E /* LaunchScreen.storyboard */; };
		2333A82F294C32FC00F4BE4E /* ViewController.xib in Resources */ = {isa = PBXBuildFile; fileRef = 2333A82E294C32FC00F4BE4E /* ViewController.xib */; };
		2333A838294C586800F4BE4E /* CounterRxViewModel.swift in Sources */ = {isa = PBXBuildFile; fileRef = 2333A837294C586800F4BE4E /* CounterRxViewModel.swift */; };
		80AC62EE46E405F4F0BBFD13 /* Pods_RxSwiftSampleCounter.framework in Frameworks */ = {isa = PBXBuildFile; fileRef = 3595F9D3A57E5936CB021510 /* Pods_RxSwiftSampleCounter.framework */; };
/* End PBXBuildFile section */

/* Begin PBXFileReference section */
		2333A817294C2ECE00F4BE4E /* RxSwiftSampleCounter.app */ = {isa = PBXFileReference; explicitFileType = wrapper.application; includeInIndex = 0; path = RxSwiftSampleCounter.app; sourceTree = BUILT_PRODUCTS_DIR; };
		2333A81A294C2ECE00F4BE4E /* AppDelegate.swift */ = {isa = PBXFileReference; lastKnownFileType = sourcecode.swift; path = AppDelegate.swift; sourceTree = "<group>"; };
		2333A81C294C2ECE00F4BE4E /* SceneDelegate.swift */ = {isa = PBXFileReference; lastKnownFileType = sourcecode.swift; path = SceneDelegate.swift; sourceTree = "<group>"; };
		2333A81E294C2ECE00F4BE4E /* ViewController.swift */ = {isa = PBXFileReference; lastKnownFileType = sourcecode.swift; path = ViewController.swift; sourceTree = "<group>"; };
		2333A823294C2ECF00F4BE4E /* Assets.xcassets */ = {isa = PBXFileReference; lastKnownFileType = folder.assetcatalog; path = Assets.xcassets; sourceTree = "<group>"; };
		2333A826294C2ECF00F4BE4E /* Base */ = {isa = PBXFileReference; lastKnownFileType = file.storyboard; name = Base; path = Base.lproj/LaunchScreen.storyboard; sourceTree = "<group>"; };
		2333A828294C2ECF00F4BE4E /* Info.plist */ = {isa = PBXFileReference; lastKnownFileType = text.plist.xml; path = Info.plist; sourceTree = "<group>"; };
		2333A82E294C32FC00F4BE4E /* ViewController.xib */ = {isa = PBXFileReference; lastKnownFileType = file.xib; path = ViewController.xib; sourceTree = "<group>"; };
		2333A837294C586800F4BE4E /* CounterRxViewModel.swift */ = {isa = PBXFileReference; lastKnownFileType = sourcecode.swift; path = CounterRxViewModel.swift; sourceTree = "<group>"; };
		3595F9D3A57E5936CB021510 /* Pods_RxSwiftSampleCounter.framework */ = {isa = PBXFileReference; explicitFileType = wrapper.framework; includeInIndex = 0; path = Pods_RxSwiftSampleCounter.framework; sourceTree = BUILT_PRODUCTS_DIR; };
		3707194AFBA9FD9BED6494CB /* Pods-RxSwiftSampleCounter.debug.xcconfig */ = {isa = PBXFileReference; includeInIndex = 1; lastKnownFileType = text.xcconfig; name = "Pods-RxSwiftSampleCounter.debug.xcconfig"; path = "Target Support Files/Pods-RxSwiftSampleCounter/Pods-RxSwiftSampleCounter.debug.xcconfig"; sourceTree = "<group>"; };
		C543CDA2A6DF5C18CAD72E0B /* Pods-RxSwiftSampleCounter.release.xcconfig */ = {isa = PBXFileReference; includeInIndex = 1; lastKnownFileType = text.xcconfig; name = "Pods-RxSwiftSampleCounter.release.xcconfig"; path = "Target Support Files/Pods-RxSwiftSampleCounter/Pods-RxSwiftSampleCounter.release.xcconfig"; sourceTree = "<group>"; };
/* End PBXFileReference section */

/* Begin PBXFrameworksBuildPhase section */
		2333A814294C2ECE00F4BE4E /* Frameworks */ = {
			isa = PBXFrameworksBuildPhase;
			buildActionMask = 2147483647;
			files = (
				80AC62EE46E405F4F0BBFD13 /* Pods_RxSwiftSampleCounter.framework in Frameworks */,
			);
			runOnlyForDeploymentPostprocessing = 0;
		};
/* End PBXFrameworksBuildPhase section */

/* Begin PBXGroup section */
		22AF9B695713B0A85BD1052A /* Frameworks */ = {
			isa = PBXGroup;
			children = (
				3595F9D3A57E5936CB021510 /* Pods_RxSwiftSampleCounter.framework */,
			);
			name = Frameworks;
			sourceTree = "<group>";
		};
		2333A80E294C2ECE00F4BE4E = {
			isa = PBXGroup;
			children = (
				2333A819294C2ECE00F4BE4E /* RxSwiftSampleCounter */,
				2333A818294C2ECE00F4BE4E /* Products */,
				2E23FD0DD62ED60618445327 /* Pods */,
				22AF9B695713B0A85BD1052A /* Frameworks */,
			);
			sourceTree = "<group>";
		};
		2333A818294C2ECE00F4BE4E /* Products */ = {
			isa = PBXGroup;
			children = (
				2333A817294C2ECE00F4BE4E /* RxSwiftSampleCounter.app */,
			);
			name = Products;
			sourceTree = "<group>";
		};
		2333A819294C2ECE00F4BE4E /* RxSwiftSampleCounter */ = {
			isa = PBXGroup;
			children = (
				2333A81A294C2ECE00F4BE4E /* AppDelegate.swift */,
				2333A81C294C2ECE00F4BE4E /* SceneDelegate.swift */,
				2333A81E294C2ECE00F4BE4E /* ViewController.swift */,
				2333A82E294C32FC00F4BE4E /* ViewController.xib */,
				2333A837294C586800F4BE4E /* CounterRxViewModel.swift */,
				2333A823294C2ECF00F4BE4E /* Assets.xcassets */,
				2333A825294C2ECF00F4BE4E /* LaunchScreen.storyboard */,
				2333A828294C2ECF00F4BE4E /* Info.plist */,
			);
			path = RxSwiftSampleCounter;
			sourceTree = "<group>";
		};
		2E23FD0DD62ED60618445327 /* Pods */ = {
			isa = PBXGroup;
			children = (
				3707194AFBA9FD9BED6494CB /* Pods-RxSwiftSampleCounter.debug.xcconfig */,
				C543CDA2A6DF5C18CAD72E0B /* Pods-RxSwiftSampleCounter.release.xcconfig */,
			);
			path = Pods;
			sourceTree = "<group>";
		};
/* End PBXGroup section */

/* Begin PBXNativeTarget section */
		2333A816294C2ECE00F4BE4E /* RxSwiftSampleCounter */ = {
			isa = PBXNativeTarget;
			buildConfigurationList = 2333A82B294C2ECF00F4BE4E /* Build configuration list for PBXNativeTarget "RxSwiftSampleCounter" */;
			buildPhases = (
				4D0A0A91E6480F2E96E8D474 /* [CP] Check Pods Manifest.lock */,
				2333A813294C2ECE00F4BE4E /* Sources */,
				2333A814294C2ECE00F4BE4E /* Frameworks */,
				2333A815294C2ECE00F4BE4E /* Resources */,
				0F0E0F59F76D697B3AA5B24F /* [CP] Embed Pods Frameworks */,
			);
			buildRules = (
			);
			dependencies = (
			);
			name = RxSwiftSampleCounter;
			productName = RxSwiftSampleCounter;
			productReference = 2333A817294C2ECE00F4BE4E /* RxSwiftSampleCounter.app */;
			productType = "com.apple.product-type.application";
		};
/* End PBXNativeTarget section */

/* Begin PBXProject section */
		2333A80F294C2ECE00F4BE4E /* Project object */ = {
			isa = PBXProject;
			attributes = {
				BuildIndependentTargetsInParallel = 1;
				LastSwiftUpdateCheck = 1420;
				LastUpgradeCheck = 1420;
				TargetAttributes = {
					2333A816294C2ECE00F4BE4E = {
						CreatedOnToolsVersion = 14.2;
					};
				};
			};
			buildConfigurationList = 2333A812294C2ECE00F4BE4E /* Build configuration list for PBXProject "RxSwiftSampleCounter" */;
			compatibilityVersion = "Xcode 14.0";
			developmentRegion = en;
			hasScannedForEncodings = 0;
			knownRegions = (
				en,
				Base,
			);
			mainGroup = 2333A80E294C2ECE00F4BE4E;
			productRefGroup = 2333A818294C2ECE00F4BE4E /* Products */;
			projectDirPath = "";
			projectRoot = "";
			targets = (
				2333A816294C2ECE00F4BE4E /* RxSwiftSampleCounter */,
			);
		};
/* End PBXProject section */

/* Begin PBXResourcesBuildPhase section */
		2333A815294C2ECE00F4BE4E /* Resources */ = {
			isa = PBXResourcesBuildPhase;
			buildActionMask = 2147483647;
			files = (
				2333A827294C2ECF00F4BE4E /* LaunchScreen.storyboard in Resources */,
				2333A82F294C32FC00F4BE4E /* ViewController.xib in Resources */,
				2333A824294C2ECF00F4BE4E /* Assets.xcassets in Resources */,
			);
			runOnlyForDeploymentPostprocessing = 0;
		};
/* End PBXResourcesBuildPhase section */

/* Begin PBXShellScriptBuildPhase section */
		0F0E0F59F76D697B3AA5B24F /* [CP] Embed Pods Frameworks */ = {
			isa = PBXShellScriptBuildPhase;
			buildActionMask = 2147483647;
			files = (
			);
			inputFileListPaths = (
				"${PODS_ROOT}/Target Support Files/Pods-RxSwiftSampleCounter/Pods-RxSwiftSampleCounter-frameworks-${CONFIGURATION}-input-files.xcfilelist",
			);
			name = "[CP] Embed Pods Frameworks";
			outputFileListPaths = (
				"${PODS_ROOT}/Target Support Files/Pods-RxSwiftSampleCounter/Pods-RxSwiftSampleCounter-frameworks-${CONFIGURATION}-output-files.xcfilelist",
			);
			runOnlyForDeploymentPostprocessing = 0;
			shellPath = /bin/sh;
			shellScript = "\"${PODS_ROOT}/Target Support Files/Pods-RxSwiftSampleCounter/Pods-RxSwiftSampleCounter-frameworks.sh\"\n";
			showEnvVarsInLog = 0;
		};
		4D0A0A91E6480F2E96E8D474 /* [CP] Check Pods Manifest.lock */ = {
			isa = PBXShellScriptBuildPhase;
			buildActionMask = 2147483647;
			files = (
			);
			inputFileListPaths = (
			);
			inputPaths = (
				"${PODS_PODFILE_DIR_PATH}/Podfile.lock",
				"${PODS_ROOT}/Manifest.lock",
			);
			name = "[CP] Check Pods Manifest.lock";
			outputFileListPaths = (
			);
			outputPaths = (
				"$(DERIVED_FILE_DIR)/Pods-RxSwiftSampleCounter-checkManifestLockResult.txt",
			);
			runOnlyForDeploymentPostprocessing = 0;
			shellPath = /bin/sh;
			shellScript = "diff \"${PODS_PODFILE_DIR_PATH}/Podfile.lock\" \"${PODS_ROOT}/Manifest.lock\" > /dev/null\nif [ $? != 0 ] ; then\n    # print error to STDERR\n    echo \"error: The sandbox is not in sync with the Podfile.lock. Run 'pod install' or update your CocoaPods installation.\" >&2\n    exit 1\nfi\n# This output is used by Xcode 'outputs' to avoid re-running this script phase.\necho \"SUCCESS\" > \"${SCRIPT_OUTPUT_FILE_0}\"\n";
			showEnvVarsInLog = 0;
		};
/* End PBXShellScriptBuildPhase section */

/* Begin PBXSourcesBuildPhase section */
		2333A813294C2ECE00F4BE4E /* Sources */ = {
			isa = PBXSourcesBuildPhase;
			buildActionMask = 2147483647;
			files = (
				2333A838294C586800F4BE4E /* CounterRxViewModel.swift in Sources */,
				2333A81F294C2ECE00F4BE4E /* ViewController.swift in Sources */,
				2333A81B294C2ECE00F4BE4E /* AppDelegate.swift in Sources */,
				2333A81D294C2ECE00F4BE4E /* SceneDelegate.swift in Sources */,
			);
			runOnlyForDeploymentPostprocessing = 0;
		};
/* End PBXSourcesBuildPhase section */

/* Begin PBXVariantGroup section */
		2333A825294C2ECF00F4BE4E /* LaunchScreen.storyboard */ = {
			isa = PBXVariantGroup;
			children = (
				2333A826294C2ECF00F4BE4E /* Base */,
			);
			name = LaunchScreen.storyboard;
			sourceTree = "<group>";
		};
/* End PBXVariantGroup section */

/* Begin XCBuildConfiguration section */
		2333A829294C2ECF00F4BE4E /* Debug */ = {
			isa = XCBuildConfiguration;
			buildSettings = {
				ALWAYS_SEARCH_USER_PATHS = NO;
				CLANG_ANALYZER_NONNULL = YES;
				CLANG_ANALYZER_NUMBER_OBJECT_CONVERSION = YES_AGGRESSIVE;
				CLANG_CXX_LANGUAGE_STANDARD = "gnu++20";
				CLANG_ENABLE_MODULES = YES;
				CLANG_ENABLE_OBJC_ARC = YES;
				CLANG_ENABLE_OBJC_WEAK = YES;
				CLANG_WARN_BLOCK_CAPTURE_AUTORELEASING = YES;
				CLANG_WARN_BOOL_CONVERSION = YES;
				CLANG_WARN_COMMA = YES;
				CLANG_WARN_CONSTANT_CONVERSION = YES;
				CLANG_WARN_DEPRECATED_OBJC_IMPLEMENTATIONS = YES;
				CLANG_WARN_DIRECT_OBJC_ISA_USAGE = YES_ERROR;
				CLANG_WARN_DOCUMENTATION_COMMENTS = YES;
				CLANG_WARN_EMPTY_BODY = YES;
				CLANG_WARN_ENUM_CONVERSION = YES;
				CLANG_WARN_INFINITE_RECURSION = YES;
				CLANG_WARN_INT_CONVERSION = YES;
				CLANG_WARN_NON_LITERAL_NULL_CONVERSION = YES;
				CLANG_WARN_OBJC_IMPLICIT_RETAIN_SELF = YES;
				CLANG_WARN_OBJC_LITERAL_CONVERSION = YES;
				CLANG_WARN_OBJC_ROOT_CLASS = YES_ERROR;
				CLANG_WARN_QUOTED_INCLUDE_IN_FRAMEWORK_HEADER = YES;
				CLANG_WARN_RANGE_LOOP_ANALYSIS = YES;
				CLANG_WARN_STRICT_PROTOTYPES = YES;
				CLANG_WARN_SUSPICIOUS_MOVE = YES;
				CLANG_WARN_UNGUARDED_AVAILABILITY = YES_AGGRESSIVE;
				CLANG_WARN_UNREACHABLE_CODE = YES;
				CLANG_WARN__DUPLICATE_METHOD_MATCH = YES;
				COPY_PHASE_STRIP = NO;
				DEBUG_INFORMATION_FORMAT = dwarf;
				ENABLE_STRICT_OBJC_MSGSEND = YES;
				ENABLE_TESTABILITY = YES;
				GCC_C_LANGUAGE_STANDARD = gnu11;
				GCC_DYNAMIC_NO_PIC = NO;
				GCC_NO_COMMON_BLOCKS = YES;
				GCC_OPTIMIZATION_LEVEL = 0;
				GCC_PREPROCESSOR_DEFINITIONS = (
					"DEBUG=1",
					"$(inherited)",
				);
				GCC_WARN_64_TO_32_BIT_CONVERSION = YES;
				GCC_WARN_ABOUT_RETURN_TYPE = YES_ERROR;
				GCC_WARN_UNDECLARED_SELECTOR = YES;
				GCC_WARN_UNINITIALIZED_AUTOS = YES_AGGRESSIVE;
				GCC_WARN_UNUSED_FUNCTION = YES;
				GCC_WARN_UNUSED_VARIABLE = YES;
				IPHONEOS_DEPLOYMENT_TARGET = 16.2;
				MTL_ENABLE_DEBUG_INFO = INCLUDE_SOURCE;
				MTL_FAST_MATH = YES;
				ONLY_ACTIVE_ARCH = YES;
				SDKROOT = iphoneos;
				SWIFT_ACTIVE_COMPILATION_CONDITIONS = DEBUG;
				SWIFT_OPTIMIZATION_LEVEL = "-Onone";
			};
			name = Debug;
		};
		2333A82A294C2ECF00F4BE4E /* Release */ = {
			isa = XCBuildConfiguration;
			buildSettings = {
				ALWAYS_SEARCH_USER_PATHS = NO;
				CLANG_ANALYZER_NONNULL = YES;
				CLANG_ANALYZER_NUMBER_OBJECT_CONVERSION = YES_AGGRESSIVE;
				CLANG_CXX_LANGUAGE_STANDARD = "gnu++20";
				CLANG_ENABLE_MODULES = YES;
				CLANG_ENABLE_OBJC_ARC = YES;
				CLANG_ENABLE_OBJC_WEAK = YES;
				CLANG_WARN_BLOCK_CAPTURE_AUTORELEASING = YES;
				CLANG_WARN_BOOL_CONVERSION = YES;
				CLANG_WARN_COMMA = YES;
				CLANG_WARN_CONSTANT_CONVERSION = YES;
				CLANG_WARN_DEPRECATED_OBJC_IMPLEMENTATIONS = YES;
				CLANG_WARN_DIRECT_OBJC_ISA_USAGE = YES_ERROR;
				CLANG_WARN_DOCUMENTATION_COMMENTS = YES;
				CLANG_WARN_EMPTY_BODY = YES;
				CLANG_WARN_ENUM_CONVERSION = YES;
				CLANG_WARN_INFINITE_RECURSION = YES;
				CLANG_WARN_INT_CONVERSION = YES;
				CLANG_WARN_NON_LITERAL_NULL_CONVERSION = YES;
				CLANG_WARN_OBJC_IMPLICIT_RETAIN_SELF = YES;
				CLANG_WARN_OBJC_LITERAL_CONVERSION = YES;
				CLANG_WARN_OBJC_ROOT_CLASS = YES_ERROR;
				CLANG_WARN_QUOTED_INCLUDE_IN_FRAMEWORK_HEADER = YES;
				CLANG_WARN_RANGE_LOOP_ANALYSIS = YES;
				CLANG_WARN_STRICT_PROTOTYPES = YES;
				CLANG_WARN_SUSPICIOUS_MOVE = YES;
				CLANG_WARN_UNGUARDED_AVAILABILITY = YES_AGGRESSIVE;
				CLANG_WARN_UNREACHABLE_CODE = YES;
				CLANG_WARN__DUPLICATE_METHOD_MATCH = YES;
				COPY_PHASE_STRIP = NO;
				DEBUG_INFORMATION_FORMAT = "dwarf-with-dsym";
				ENABLE_NS_ASSERTIONS = NO;
				ENABLE_STRICT_OBJC_MSGSEND = YES;
				GCC_C_LANGUAGE_STANDARD = gnu11;
				GCC_NO_COMMON_BLOCKS = YES;
				GCC_WARN_64_TO_32_BIT_CONVERSION = YES;
				GCC_WARN_ABOUT_RETURN_TYPE = YES_ERROR;
				GCC_WARN_UNDECLARED_SELECTOR = YES;
				GCC_WARN_UNINITIALIZED_AUTOS = YES_AGGRESSIVE;
				GCC_WARN_UNUSED_FUNCTION = YES;
				GCC_WARN_UNUSED_VARIABLE = YES;
				IPHONEOS_DEPLOYMENT_TARGET = 16.2;
				MTL_ENABLE_DEBUG_INFO = NO;
				MTL_FAST_MATH = YES;
				SDKROOT = iphoneos;
				SWIFT_COMPILATION_MODE = wholemodule;
				SWIFT_OPTIMIZATION_LEVEL = "-O";
				VALIDATE_PRODUCT = YES;
			};
			name = Release;
		};
		2333A82C294C2ECF00F4BE4E /* Debug */ = {
			isa = XCBuildConfiguration;
			baseConfigurationReference = 3707194AFBA9FD9BED6494CB /* Pods-RxSwiftSampleCounter.debug.xcconfig */;
			buildSettings = {
				ASSETCATALOG_COMPILER_APPICON_NAME = AppIcon;
				ASSETCATALOG_COMPILER_GLOBAL_ACCENT_COLOR_NAME = AccentColor;
				CODE_SIGN_STYLE = Automatic;
				CURRENT_PROJECT_VERSION = 1;
				DEVELOPMENT_TEAM = 8GLVHJH8KR;
				GENERATE_INFOPLIST_FILE = YES;
				INFOPLIST_FILE = RxSwiftSampleCounter/Info.plist;
				INFOPLIST_KEY_UIApplicationSupportsIndirectInputEvents = YES;
				INFOPLIST_KEY_UILaunchStoryboardName = LaunchScreen;
				INFOPLIST_KEY_UIMainStoryboardFile = "";
				INFOPLIST_KEY_UIStatusBarStyle = "";
				INFOPLIST_KEY_UISupportedInterfaceOrientations_iPad = "UIInterfaceOrientationPortrait UIInterfaceOrientationPortraitUpsideDown UIInterfaceOrientationLandscapeLeft UIInterfaceOrientationLandscapeRight";
				INFOPLIST_KEY_UISupportedInterfaceOrientations_iPhone = "UIInterfaceOrientationPortrait UIInterfaceOrientationLandscapeLeft UIInterfaceOrientationLandscapeRight";
				LD_RUNPATH_SEARCH_PATHS = (
					"$(inherited)",
					"@executable_path/Frameworks",
				);
				MARKETING_VERSION = 1.0;
				PRODUCT_BUNDLE_IDENTIFIER = com.gmail.yuukunn3777.RxSwiftSampleCounter;
				PRODUCT_NAME = "$(TARGET_NAME)";
				SWIFT_EMIT_LOC_STRINGS = YES;
				SWIFT_VERSION = 5.0;
				TARGETED_DEVICE_FAMILY = "1,2";
			};
			name = Debug;
		};
		2333A82D294C2ECF00F4BE4E /* Release */ = {
			isa = XCBuildConfiguration;
			baseConfigurationReference = C543CDA2A6DF5C18CAD72E0B /* Pods-RxSwiftSampleCounter.release.xcconfig */;
			buildSettings = {
				ASSETCATALOG_COMPILER_APPICON_NAME = AppIcon;
				ASSETCATALOG_COMPILER_GLOBAL_ACCENT_COLOR_NAME = AccentColor;
				CODE_SIGN_STYLE = Automatic;
				CURRENT_PROJECT_VERSION = 1;
				DEVELOPMENT_TEAM = 8GLVHJH8KR;
				GENERATE_INFOPLIST_FILE = YES;
				INFOPLIST_FILE = RxSwiftSampleCounter/Info.plist;
				INFOPLIST_KEY_UIApplicationSupportsIndirectInputEvents = YES;
				INFOPLIST_KEY_UILaunchStoryboardName = LaunchScreen;
				INFOPLIST_KEY_UIMainStoryboardFile = "";
				INFOPLIST_KEY_UIStatusBarStyle = "";
				INFOPLIST_KEY_UISupportedInterfaceOrientations_iPad = "UIInterfaceOrientationPortrait UIInterfaceOrientationPortraitUpsideDown UIInterfaceOrientationLandscapeLeft UIInterfaceOrientationLandscapeRight";
				INFOPLIST_KEY_UISupportedInterfaceOrientations_iPhone = "UIInterfaceOrientationPortrait UIInterfaceOrientationLandscapeLeft UIInterfaceOrientationLandscapeRight";
				LD_RUNPATH_SEARCH_PATHS = (
					"$(inherited)",
					"@executable_path/Frameworks",
				);
				MARKETING_VERSION = 1.0;
				PRODUCT_BUNDLE_IDENTIFIER = com.gmail.yuukunn3777.RxSwiftSampleCounter;
				PRODUCT_NAME = "$(TARGET_NAME)";
				SWIFT_EMIT_LOC_STRINGS = YES;
				SWIFT_VERSION = 5.0;
				TARGETED_DEVICE_FAMILY = "1,2";
			};
			name = Release;
		};
/* End XCBuildConfiguration section */

/* Begin XCConfigurationList section */
		2333A812294C2ECE00F4BE4E /* Build configuration list for PBXProject "RxSwiftSampleCounter" */ = {
			isa = XCConfigurationList;
			buildConfigurations = (
				2333A829294C2ECF00F4BE4E /* Debug */,
				2333A82A294C2ECF00F4BE4E /* Release */,
			);
			defaultConfigurationIsVisible = 0;
			defaultConfigurationName = Release;
		};
		2333A82B294C2ECF00F4BE4E /* Build configuration list for PBXNativeTarget "RxSwiftSampleCounter" */ = {
			isa = XCConfigurationList;
			buildConfigurations = (
				2333A82C294C2ECF00F4BE4E /* Debug */,
				2333A82D294C2ECF00F4BE4E /* Release */,
			);
			defaultConfigurationIsVisible = 0;
			defaultConfigurationName = Release;
		};
/* End XCConfigurationList section */
	};
	rootObject = 2333A80F294C2ECE00F4BE4E /* Project object */;
}
